
Microsoft Visual Studio Solution File, Format Version 12.00
# Visual Studio 15
VisualStudioVersion = 15.0.27130.2036
MinimumVisualStudioVersion = 10.0.40219.1
Project("{9A19103F-16F7-4668-BE54-9A1E7A4F7556}") = "V8Net.Domain", "src\V8Net.Domain\V8Net.Domain.csproj", "{2485E10A-76EE-4745-9CFB-C42363F04B8A}"
EndProject
Project("{9A19103F-16F7-4668-BE54-9A1E7A4F7556}") = "V8Net.Shared", "src\V8Net.Shared\V8Net.Shared.csproj", "{E1A87696-C9DB-437C-8426-11C977F61373}"
EndProject
Project("{9A19103F-16F7-4668-BE54-9A1E7A4F7556}") = "V8Net.Tests", "src\V8Net.Tests\V8Net.Tests.csproj", "{E7208E2F-8996-4116-B81E-05CB420E2295}"
EndProject
Project("{9A19103F-16F7-4668-BE54-9A1E7A4F7556}") = "V8Net.Api", "src\V8Net.Api\V8Net.Api.csproj", "{41F55175-AEFF-4E7D-931E-4684ADC58230}"
EndProject
Project("{2150E333-8FDC-42A3-9474-1A3956D46DE8}") = "01 - API", "01 - API", "{C633E5A3-594D-4B84-9034-E02EB19FF420}"
EndProject
Project("{2150E333-8FDC-42A3-9474-1A3956D46DE8}") = "02 - Domain", "02 - Domain", "{5B822DAF-49AB-4BEC-B033-C30A53F418CC}"
EndProject
Project("{2150E333-8FDC-42A3-9474-1A3956D46DE8}") = "03 - Infra", "03 - Infra", "{67D65B8C-50D9-42A9-8F5C-640C3DB28A9D}"
EndProject
Project("{2150E333-8FDC-42A3-9474-1A3956D46DE8}") = "04 - Test", "04 - Test", "{F752FB0F-B780-45E4-A042-699C767E75AB}"
EndProject
Project("{2150E333-8FDC-42A3-9474-1A3956D46DE8}") = "03.01 - Data", "03.01 - Data", "{E5ECD698-94B3-44AB-938D-5C039E00CED3}"
EndProject
Project("{2150E333-8FDC-42A3-9474-1A3956D46DE8}") = "03.02 - CrossCutting", "03.02 - CrossCutting", "{A4007EA7-A450-46C8-A21B-FF5EC386C7EF}"
EndProject
Project("{9A19103F-16F7-4668-BE54-9A1E7A4F7556}") = "V8Net.Infra.CrossCutting.IoC", "src\V8Net.Infra.CrossCutting.IoC\V8Net.Infra.CrossCutting.IoC.csproj", "{3434FE9F-FD25-4003-8F6C-2880BC2DF556}"
EndProject
Project("{FAE04EC0-301F-11D3-BF4B-00C04F79EFBC}") = "V8Net.Infra.CrossCutting.AspNetFilters", "src\V8Net.Infra.CrossCutting.AspNetFilters\V8Net.Infra.CrossCutting.AspNetFilters.csproj", "{8C65AB5F-6D74-4BD6-8662-3A798C4EB53B}"
EndProject
Project("{9A19103F-16F7-4668-BE54-9A1E7A4F7556}") = "V8Net.Infra.Data", "src\V8Net.Infra.Data\V8Net.Infra.Data.csproj", "{FBA52BA0-D476-4931-B83B-F19E57965F18}"
EndProject
Global
	GlobalSection(SolutionConfigurationPlatforms) = preSolution
		Debug|Any CPU = Debug|Any CPU
		Release|Any CPU = Release|Any CPU
	EndGlobalSection
	GlobalSection(ProjectConfigurationPlatforms) = postSolution
		{2485E10A-76EE-4745-9CFB-C42363F04B8A}.Debug|Any CPU.ActiveCfg = Debug|Any CPU
		{2485E10A-76EE-4745-9CFB-C42363F04B8A}.Debug|Any CPU.Build.0 = Debug|Any CPU
		{2485E10A-76EE-4745-9CFB-C42363F04B8A}.Release|Any CPU.ActiveCfg = Release|Any CPU
		{2485E10A-76EE-4745-9CFB-C42363F04B8A}.Release|Any CPU.Build.0 = Release|Any CPU
		{E1A87696-C9DB-437C-8426-11C977F61373}.Debug|Any CPU.ActiveCfg = Debug|Any CPU
		{E1A87696-C9DB-437C-8426-11C977F61373}.Debug|Any CPU.Build.0 = Debug|Any CPU
		{E1A87696-C9DB-437C-8426-11C977F61373}.Release|Any CPU.ActiveCfg = Release|Any CPU
		{E1A87696-C9DB-437C-8426-11C977F61373}.Release|Any CPU.Build.0 = Release|Any CPU
		{E7208E2F-8996-4116-B81E-05CB420E2295}.Debug|Any CPU.ActiveCfg = Debug|Any CPU
		{E7208E2F-8996-4116-B81E-05CB420E2295}.Debug|Any CPU.Build.0 = Debug|Any CPU
		{E7208E2F-8996-4116-B81E-05CB420E2295}.Release|Any CPU.ActiveCfg = Release|Any CPU
		{E7208E2F-8996-4116-B81E-05CB420E2295}.Release|Any CPU.Build.0 = Release|Any CPU
		{41F55175-AEFF-4E7D-931E-4684ADC58230}.Debug|Any CPU.ActiveCfg = Debug|Any CPU
		{41F55175-AEFF-4E7D-931E-4684ADC58230}.Debug|Any CPU.Build.0 = Debug|Any CPU
		{41F55175-AEFF-4E7D-931E-4684ADC58230}.Release|Any CPU.ActiveCfg = Release|Any CPU
		{41F55175-AEFF-4E7D-931E-4684ADC58230}.Release|Any CPU.Build.0 = Release|Any CPU
		{3434FE9F-FD25-4003-8F6C-2880BC2DF556}.Debug|Any CPU.ActiveCfg = Debug|Any CPU
		{3434FE9F-FD25-4003-8F6C-2880BC2DF556}.Debug|Any CPU.Build.0 = Debug|Any CPU
		{3434FE9F-FD25-4003-8F6C-2880BC2DF556}.Release|Any CPU.ActiveCfg = Release|Any CPU
		{3434FE9F-FD25-4003-8F6C-2880BC2DF556}.Release|Any CPU.Build.0 = Release|Any CPU
		{8C65AB5F-6D74-4BD6-8662-3A798C4EB53B}.Debug|Any CPU.ActiveCfg = Debug|Any CPU
		{8C65AB5F-6D74-4BD6-8662-3A798C4EB53B}.Debug|Any CPU.Build.0 = Debug|Any CPU
		{8C65AB5F-6D74-4BD6-8662-3A798C4EB53B}.Release|Any CPU.ActiveCfg = Release|Any CPU
		{8C65AB5F-6D74-4BD6-8662-3A798C4EB53B}.Release|Any CPU.Build.0 = Release|Any CPU
		{FBA52BA0-D476-4931-B83B-F19E57965F18}.Debug|Any CPU.ActiveCfg = Debug|Any CPU
		{FBA52BA0-D476-4931-B83B-F19E57965F18}.Debug|Any CPU.Build.0 = Debug|Any CPU
		{FBA52BA0-D476-4931-B83B-F19E57965F18}.Release|Any CPU.ActiveCfg = Release|Any CPU
		{FBA52BA0-D476-4931-B83B-F19E57965F18}.Release|Any CPU.Build.0 = Release|Any CPU
	EndGlobalSection
	GlobalSection(SolutionProperties) = preSolution
		HideSolutionNode = FALSE
	EndGlobalSection
	GlobalSection(NestedProjects) = preSolution
		{2485E10A-76EE-4745-9CFB-C42363F04B8A} = {5B822DAF-49AB-4BEC-B033-C30A53F418CC}
		{E1A87696-C9DB-437C-8426-11C977F61373} = {5B822DAF-49AB-4BEC-B033-C30A53F418CC}
		{E7208E2F-8996-4116-B81E-05CB420E2295} = {F752FB0F-B780-45E4-A042-699C767E75AB}
		{41F55175-AEFF-4E7D-931E-4684ADC58230} = {C633E5A3-594D-4B84-9034-E02EB19FF420}
		{E5ECD698-94B3-44AB-938D-5C039E00CED3} = {67D65B8C-50D9-42A9-8F5C-640C3DB28A9D}
		{A4007EA7-A450-46C8-A21B-FF5EC386C7EF} = {67D65B8C-50D9-42A9-8F5C-640C3DB28A9D}
		{3434FE9F-FD25-4003-8F6C-2880BC2DF556} = {A4007EA7-A450-46C8-A21B-FF5EC386C7EF}
		{8C65AB5F-6D74-4BD6-8662-3A798C4EB53B} = {A4007EA7-A450-46C8-A21B-FF5EC386C7EF}
		{FBA52BA0-D476-4931-B83B-F19E57965F18} = {E5ECD698-94B3-44AB-938D-5C039E00CED3}
	EndGlobalSection
	GlobalSection(ExtensibilityGlobals) = postSolution
		SolutionGuid = {A6D9C8A3-5981-4773-8E9B-B213AF00902E}
	EndGlobalSection
EndGlobal
